
Microsoft Visual Studio Solution File, Format Version 12.00
# Visual Studio Version 17
VisualStudioVersion = 17.8.34408.163
MinimumVisualStudioVersion = 10.0.40219.1
Project("{9A19103F-16F7-4668-BE54-9A1E7A4F7556}") = "Handball", "Handball.csproj", "{7DE9B18C-D50A-4B1A-9909-D599F6679608}"
EndProject
Global
	GlobalSection(SolutionConfigurationPlatforms) = preSolution
		Debug|Any CPU = Debug|Any CPU
		Release|Any CPU = Release|Any CPU
	EndGlobalSection
	GlobalSection(ProjectConfigurationPlatforms) = postSolution
		{7DE9B18C-D50A-4B1A-9909-D599F6679608}.Debug|Any CPU.ActiveCfg = Debug|Any CPU
		{7DE9B18C-D50A-4B1A-9909-D599F6679608}.Debug|Any CPU.Build.0 = Debug|Any CPU
		{7DE9B18C-D50A-4B1A-9909-D599F6679608}.Release|Any CPU.ActiveCfg = Release|Any CPU
		{7DE9B18C-D50A-4B1A-9909-D599F6679608}.Release|Any CPU.Build.0 = Release|Any CPU
	EndGlobalSection
	GlobalSection(SolutionProperties) = preSolution
		HideSolutionNode = FALSE
	EndGlobalSection
	GlobalSection(ExtensibilityGlobals) = postSolution
		SolutionGuid = {6BFF6E4D-C9E1-4765-9462-78A6C647219B}
	EndGlobalSection
EndGlobal
